<?xml version="1.0" encoding="utf-8"?>
<Project ToolsVersion="4.0" xmlns="http://schemas.microsoft.com/developer/msbuild/2003">
  <ItemGroup>
    <ClCompile Include="src\ofApp.cpp">
      <Filter>src</Filter>
    </ClCompile>
    <ClCompile Include="src\main.cpp">
      <Filter>src</Filter>
    </ClCompile>
  </ItemGroup>
  <ItemGroup>
    <Filter Include="src">
      <UniqueIdentifier>{d8376475-7454-4a24-b08a-aac121d3ad6f}</UniqueIdentifier>
    </Filter>
  </ItemGroup>
  <ItemGroup>
    <ClInclude Include="src\ofApp.h">
      <Filter>src</Filter>
    </ClInclude>
  </ItemGroup>
  <ItemGroup>
    <None Include="Data\first_vertex.vert" />
    <None Include="Data\first_fragment.frag" />
    <None Include="README.md" />
    <None Include="Data\texture.frag" />
    <None Include="Data\uv_passthrough.vert" />
    <None Include="Data\uv_vis.frag" />
    <None Include="bin\Data\uv_passthrough.vert" />
    <None Include="bin\Data\uv_vis.frag" />
    <None Include="bin\Data\first_fragment.frag" />
    <None Include="bin\Data\first_vertex.vert" />
    <None Include="bin\Data\texture.frag" />
  </ItemGroup>
  <ItemGroup>
    <Image Include="Data\parrot.png" />
    <Image Include="bin\Data\parrot.png" />
  </ItemGroup>
</Project>